
Microsoft Visual Studio Solution File, Format Version 12.00
# Visual Studio 15
VisualStudioVersion = 15.0.28010.2036
MinimumVisualStudioVersion = 10.0.40219.1
Project("{FAE04EC0-301F-11D3-BF4B-00C04F79EFBC}") = "OpenTKWindowTest1", "OpenTKWindowTest1\OpenTKWindowTest1.csproj", "{A849F6E2-F98E-45D1-BB94-ADD5680F9268}"
EndProject
Global
	GlobalSection(SolutionConfigurationPlatforms) = preSolution
		Debug|Any CPU = Debug|Any CPU
		Release|Any CPU = Release|Any CPU
	EndGlobalSection
	GlobalSection(ProjectConfigurationPlatforms) = postSolution
		{A849F6E2-F98E-45D1-BB94-ADD5680F9268}.Debug|Any CPU.ActiveCfg = Debug|Any CPU
		{A849F6E2-F98E-45D1-BB94-ADD5680F9268}.Debug|Any CPU.Build.0 = Debug|Any CPU
		{A849F6E2-F98E-45D1-BB94-ADD5680F9268}.Release|Any CPU.ActiveCfg = Release|Any CPU
		{A849F6E2-F98E-45D1-BB94-ADD5680F9268}.Release|Any CPU.Build.0 = Release|Any CPU
	EndGlobalSection
	GlobalSection(SolutionProperties) = preSolution
		HideSolutionNode = FALSE
	EndGlobalSection
	GlobalSection(ExtensibilityGlobals) = postSolution
		SolutionGuid = {3BBFDD04-55A6-465D-BF3B-9A5256630314}
	EndGlobalSection
EndGlobal
